
Microsoft Visual Studio Solution File, Format Version 12.00
# Visual Studio Version 17
VisualStudioVersion = 17.10.34902.84
MinimumVisualStudioVersion = 10.0.40219.1
Project("{FAE04EC0-301F-11D3-BF4B-00C04F79EFBC}") = "AutoContentGenerator.WebApi", "src\AutoContentGenerator.WebApi\AutoContentGenerator.WebApi.csproj", "{3D1C4BD4-CA92-4AF4-BBEF-F6CA05D01C36}"
EndProject
Global
	GlobalSection(SolutionConfigurationPlatforms) = preSolution
		Debug|Any CPU = Debug|Any CPU
		Release|Any CPU = Release|Any CPU
	EndGlobalSection
	GlobalSection(ProjectConfigurationPlatforms) = postSolution
		{3D1C4BD4-CA92-4AF4-BBEF-F6CA05D01C36}.Debug|Any CPU.ActiveCfg = Debug|Any CPU
		{3D1C4BD4-CA92-4AF4-BBEF-F6CA05D01C36}.Debug|Any CPU.Build.0 = Debug|Any CPU
		{3D1C4BD4-CA92-4AF4-BBEF-F6CA05D01C36}.Release|Any CPU.ActiveCfg = Release|Any CPU
		{3D1C4BD4-CA92-4AF4-BBEF-F6CA05D01C36}.Release|Any CPU.Build.0 = Release|Any CPU
	EndGlobalSection
	GlobalSection(SolutionProperties) = preSolution
		HideSolutionNode = FALSE
	EndGlobalSection
	GlobalSection(ExtensibilityGlobals) = postSolution
		SolutionGuid = {97158331-85D1-4F9B-9BA9-6DE76E801C8E}
	EndGlobalSection
EndGlobal
